
Microsoft Visual Studio Solution File, Format Version 12.00
# Visual Studio 15
VisualStudioVersion = 15.0.28307.779
MinimumVisualStudioVersion = 10.0.40219.1
Project("{8BC9CEB8-8B4A-11D0-8D11-00A0C91BC942}") = "CS580HW1", "CS580HW1.vcxproj", "{27329DB2-D3BE-4047-963D-083ACF580922}"
EndProject
Global
	GlobalSection(SolutionConfigurationPlatforms) = preSolution
		Debug|x86 = Debug|x86
		Release|x86 = Release|x86
	EndGlobalSection
	GlobalSection(ProjectConfigurationPlatforms) = postSolution
		{27329DB2-D3BE-4047-963D-083ACF580922}.Debug|x86.ActiveCfg = Debug|Win32
		{27329DB2-D3BE-4047-963D-083ACF580922}.Debug|x86.Build.0 = Debug|Win32
		{27329DB2-D3BE-4047-963D-083ACF580922}.Release|x86.ActiveCfg = Release|Win32
		{27329DB2-D3BE-4047-963D-083ACF580922}.Release|x86.Build.0 = Release|Win32
	EndGlobalSection
	GlobalSection(SolutionProperties) = preSolution
		HideSolutionNode = FALSE
	EndGlobalSection
	GlobalSection(ExtensibilityGlobals) = postSolution
		SolutionGuid = {3F679882-8B2F-462E-AE7C-84EBF42ED12E}
	EndGlobalSection
EndGlobal
